
Microsoft Visual Studio Solution File, Format Version 12.00
# Visual Studio Version 17
VisualStudioVersion = 17.11.35312.102
MinimumVisualStudioVersion = 10.0.40219.1
Project("{FAE04EC0-301F-11D3-BF4B-00C04F79EFBC}") = "wedding_address_c#", "wedding_address_c#\wedding_address_c#.csproj", "{D9AE2CFA-C3A1-4F35-AF41-31C67CC27AC2}"
EndProject
Global
	GlobalSection(SolutionConfigurationPlatforms) = preSolution
		Debug|Any CPU = Debug|Any CPU
		Release|Any CPU = Release|Any CPU
	EndGlobalSection
	GlobalSection(ProjectConfigurationPlatforms) = postSolution
		{D9AE2CFA-C3A1-4F35-AF41-31C67CC27AC2}.Debug|Any CPU.ActiveCfg = Debug|Any CPU
		{D9AE2CFA-C3A1-4F35-AF41-31C67CC27AC2}.Debug|Any CPU.Build.0 = Debug|Any CPU
		{D9AE2CFA-C3A1-4F35-AF41-31C67CC27AC2}.Release|Any CPU.ActiveCfg = Release|Any CPU
		{D9AE2CFA-C3A1-4F35-AF41-31C67CC27AC2}.Release|Any CPU.Build.0 = Release|Any CPU
	EndGlobalSection
	GlobalSection(SolutionProperties) = preSolution
		HideSolutionNode = FALSE
	EndGlobalSection
	GlobalSection(ExtensibilityGlobals) = postSolution
		SolutionGuid = {80AEF14C-BBFA-4FE6-8273-7E7AA73F3DA3}
	EndGlobalSection
EndGlobal
